<?xml version="1.0" encoding="utf-8"?>
<Project ToolsVersion="4.0" xmlns="http://schemas.microsoft.com/developer/msbuild/2003">
  <ItemGroup>
    <Filter Include="source">
      <UniqueIdentifier>{4FC737F1-C7A5-4376-A066-2A32D752A2FF}</UniqueIdentifier>
      <Extensions>cpp;c;cc;cxx;def;odl;idl;hpj;bat;asm;asmx</Extensions>
    </Filter>
    <Filter Include="examples">
      <UniqueIdentifier>{b152cb16-8bfa-45eb-bb3c-99e2b6df886f}</UniqueIdentifier>
    </Filter>
    <Filter Include="tests">
      <UniqueIdentifier>{8d646311-5b86-4e6e-913b-42d01f28a8d6}</UniqueIdentifier>
    </Filter>
    <Filter Include="tests\test-modules">
      <UniqueIdentifier>{f10ad6a0-4285-4ef1-94e9-cf29eb45428a}</UniqueIdentifier>
    </Filter>
    <Filter Include="examples\example-modules">
      <UniqueIdentifier>{7bdb7ff8-ae40-4967-bc31-793339683388}</UniqueIdentifier>
    </Filter>
  </ItemGroup>
  <ItemGroup>
    <ClCompile Include="..\..\source\AST.cpp">
      <Filter>source</Filter>
    </ClCompile>
    <ClCompile Include="..\..\source\Compiler.cpp">
      <Filter>source</Filter>
    </ClCompile>
    <ClCompile Include="..\..\source\Constant.cpp">
      <Filter>source</Filter>
    </ClCompile>
    <ClCompile Include="..\..\source\DataTypes.cpp">
      <Filter>source</Filter>
    </ClCompile>
    <ClCompile Include="..\..\source\Lexer.cpp">
      <Filter>source</Filter>
    </ClCompile>
    <ClCompile Include="..\..\source\Logger.cpp">
      <Filter>source</Filter>
    </ClCompile>
    <ClCompile Include="..\..\source\main.cpp">
      <Filter>source</Filter>
    </ClCompile>
    <ClCompile Include="..\..\source\Native.cpp">
      <Filter>source</Filter>
    </ClCompile>
    <ClCompile Include="..\..\source\Operators.cpp">
      <Filter>source</Filter>
    </ClCompile>
    <ClCompile Include="..\..\source\Parser.cpp">
      <Filter>source</Filter>
    </ClCompile>
    <ClCompile Include="..\..\source\Symbol.cpp">
      <Filter>source</Filter>
    </ClCompile>
    <ClCompile Include="..\..\source\Value.cpp">
      <Filter>source</Filter>
    </ClCompile>
    <ClCompile Include="..\..\source\VirtualMachine.cpp">
      <Filter>source</Filter>
    </ClCompile>
    <ClCompile Include="..\..\source\SemanticAnalyzer.cpp">
      <Filter>source</Filter>
    </ClCompile>
    <ClCompile Include="..\..\source\MemoryManager.cpp">
      <Filter>source</Filter>
    </ClCompile>
    <ClCompile Include="..\..\source\GarbageCollected.cpp">
      <Filter>source</Filter>
    </ClCompile>
    <ClCompile Include="..\..\source\FileManager.cpp">
      <Filter>source</Filter>
    </ClCompile>
    <ClCompile Include="..\..\source\OpCodes.cpp">
      <Filter>source</Filter>
    </ClCompile>
    <ClCompile Include="..\..\source\Tokens.cpp">
      <Filter>source</Filter>
    </ClCompile>
  </ItemGroup>
  <ItemGroup>
    <ClInclude Include="..\..\source\AST.h">
      <Filter>source</Filter>
    </ClInclude>
    <ClInclude Include="..\..\source\Compiler.h">
      <Filter>source</Filter>
    </ClInclude>
    <ClInclude Include="..\..\source\Constant.h">
      <Filter>source</Filter>
    </ClInclude>
    <ClInclude Include="..\..\source\DataTypes.h">
      <Filter>source</Filter>
    </ClInclude>
    <ClInclude Include="..\..\source\Lexer.h">
      <Filter>source</Filter>
    </ClInclude>
    <ClInclude Include="..\..\source\Logger.h">
      <Filter>source</Filter>
    </ClInclude>
    <ClInclude Include="..\..\source\Native.h">
      <Filter>source</Filter>
    </ClInclude>
    <ClInclude Include="..\..\source\OpCodes.h">
      <Filter>source</Filter>
    </ClInclude>
    <ClInclude Include="..\..\source\Operators.h">
      <Filter>source</Filter>
    </ClInclude>
    <ClInclude Include="..\..\source\Parser.h">
      <Filter>source</Filter>
    </ClInclude>
    <ClInclude Include="..\..\source\Symbol.h">
      <Filter>source</Filter>
    </ClInclude>
    <ClInclude Include="..\..\source\Tokens.h">
      <Filter>source</Filter>
    </ClInclude>
    <ClInclude Include="..\..\source\Value.h">
      <Filter>source</Filter>
    </ClInclude>
    <ClInclude Include="..\..\source\VirtualMachine.h">
      <Filter>source</Filter>
    </ClInclude>
    <ClInclude Include="..\..\source\SemanticAnalyzer.h">
      <Filter>source</Filter>
    </ClInclude>
    <ClInclude Include="..\..\source\MemoryManager.h">
      <Filter>source</Filter>
    </ClInclude>
    <ClInclude Include="..\..\source\GarbageCollected.h">
      <Filter>source</Filter>
    </ClInclude>
    <ClInclude Include="..\..\source\FileManager.h">
      <Filter>source</Filter>
    </ClInclude>
  </ItemGroup>
  <ItemGroup>
    <None Include="..\..\examples\basic-types.element">
      <Filter>examples</Filter>
    </None>
    <None Include="..\..\examples\closures.element">
      <Filter>examples</Filter>
    </None>
    <None Include="..\..\examples\flow-control.element">
      <Filter>examples</Filter>
    </None>
    <None Include="..\..\examples\functions.element">
      <Filter>examples</Filter>
    </None>
    <None Include="..\..\examples\objects.element">
      <Filter>examples</Filter>
    </None>
    <None Include="..\..\examples\test.element">
      <Filter>examples</Filter>
    </None>
    <None Include="..\..\examples\arrays.element">
      <Filter>examples</Filter>
    </None>
    <None Include="..\..\examples\coroutines.element">
      <Filter>examples</Filter>
    </None>
    <None Include="..\..\examples\gc-tests.element">
      <Filter>examples</Filter>
    </None>
    <None Include="..\..\examples\iterators.element">
      <Filter>examples</Filter>
    </None>
    <None Include="..\..\tests\00-syntax.element">
      <Filter>tests</Filter>
    </None>
    <None Include="..\..\tests\01-basic-types.element">
      <Filter>tests</Filter>
    </None>
    <None Include="..\..\tests\02-flow-control.element">
      <Filter>tests</Filter>
    </None>
    <None Include="..\..\tests\03-functions.element">
      <Filter>tests</Filter>
    </None>
    <None Include="..\..\tests\04-arrays.element">
      <Filter>tests</Filter>
    </None>
    <None Include="..\..\tests\05-objects.element">
      <Filter>tests</Filter>
    </None>
    <None Include="..\..\tests\06-closures.element">
      <Filter>tests</Filter>
    </None>
    <None Include="..\..\tests\07-coroutines.element">
      <Filter>tests</Filter>
    </None>
    <None Include="..\..\tests\08-iteration.element">
      <Filter>tests</Filter>
    </None>
    <None Include="..\..\tests\09-standard-native-functions.element">
      <Filter>tests</Filter>
    </None>
    <None Include="..\..\tests\10-modules.element">
      <Filter>tests</Filter>
    </None>
    <None Include="..\..\tests\11-standard-functions.element">
      <Filter>tests</Filter>
    </None>
    <None Include="..\..\tests\test-modules\error-on-load-module.element">
      <Filter>tests\test-modules</Filter>
    </None>
    <None Include="..\..\tests\test-modules\runtime-error-module.element">
      <Filter>tests\test-modules</Filter>
    </None>
    <None Include="..\..\tests\test-modules\simple-module.element">
      <Filter>tests\test-modules</Filter>
    </None>
    <None Include="..\..\examples\modules.element">
      <Filter>examples</Filter>
    </None>
    <None Include="..\..\examples\example-modules\constants-module.element">
      <Filter>examples\example-modules</Filter>
    </None>
    <None Include="..\..\examples\example-modules\functions-module.element">
      <Filter>examples\example-modules</Filter>
    </None>
    <None Include="..\..\examples\example-modules\module-with-state.element">
      <Filter>examples\example-modules</Filter>
    </None>
  </ItemGroup>
</Project>