<?xml version="1.0" encoding="utf-8"?>
<Project ToolsVersion="4.0" xmlns="http://schemas.microsoft.com/developer/msbuild/2003">
  <ItemGroup>
    <Filter Include="source">
      <UniqueIdentifier>{4FC737F1-C7A5-4376-A066-2A32D752A2FF}</UniqueIdentifier>
      <Extensions>cpp;c;cc;cxx;def;odl;idl;hpj;bat;asm;asmx</Extensions>
    </Filter>
    <Filter Include="examples">
      <UniqueIdentifier>{b152cb16-8bfa-45eb-bb3c-99e2b6df886f}</UniqueIdentifier>
    </Filter>
    <Filter Include="tests">
      <UniqueIdentifier>{8d646311-5b86-4e6e-913b-42d01f28a8d6}</UniqueIdentifier>
    </Filter>
  </ItemGroup>
  <ItemGroup>
    <ClCompile Include="..\..\source\AST.cpp">
      <Filter>source</Filter>
    </ClCompile>
    <ClCompile Include="..\..\source\Compiler.cpp">
      <Filter>source</Filter>
    </ClCompile>
    <ClCompile Include="..\..\source\Constant.cpp">
      <Filter>source</Filter>
    </ClCompile>
    <ClCompile Include="..\..\source\DataTypes.cpp">
      <Filter>source</Filter>
    </ClCompile>
    <ClCompile Include="..\..\source\Interpreter.cpp">
      <Filter>source</Filter>
    </ClCompile>
    <ClCompile Include="..\..\source\Lexer.cpp">
      <Filter>source</Filter>
    </ClCompile>
    <ClCompile Include="..\..\source\Logger.cpp">
      <Filter>source</Filter>
    </ClCompile>
    <ClCompile Include="..\..\source\main.cpp">
      <Filter>source</Filter>
    </ClCompile>
    <ClCompile Include="..\..\source\Native.cpp">
      <Filter>source</Filter>
    </ClCompile>
    <ClCompile Include="..\..\source\Operators.cpp">
      <Filter>source</Filter>
    </ClCompile>
    <ClCompile Include="..\..\source\Parser.cpp">
      <Filter>source</Filter>
    </ClCompile>
    <ClCompile Include="..\..\source\Symbol.cpp">
      <Filter>source</Filter>
    </ClCompile>
    <ClCompile Include="..\..\source\Value.cpp">
      <Filter>source</Filter>
    </ClCompile>
    <ClCompile Include="..\..\source\VirtualMachine.cpp">
      <Filter>source</Filter>
    </ClCompile>
    <ClCompile Include="..\..\source\SemanticAnalyzer.cpp">
      <Filter>source</Filter>
    </ClCompile>
    <ClCompile Include="..\..\source\MemoryManager.cpp">
      <Filter>source</Filter>
    </ClCompile>
    <ClCompile Include="..\..\source\GarbageCollected.cpp">
      <Filter>source</Filter>
    </ClCompile>
  </ItemGroup>
  <ItemGroup>
    <ClInclude Include="..\..\source\AST.h">
      <Filter>source</Filter>
    </ClInclude>
    <ClInclude Include="..\..\source\Compiler.h">
      <Filter>source</Filter>
    </ClInclude>
    <ClInclude Include="..\..\source\Constant.h">
      <Filter>source</Filter>
    </ClInclude>
    <ClInclude Include="..\..\source\DataTypes.h">
      <Filter>source</Filter>
    </ClInclude>
    <ClInclude Include="..\..\source\Interpreter.h">
      <Filter>source</Filter>
    </ClInclude>
    <ClInclude Include="..\..\source\Lexer.h">
      <Filter>source</Filter>
    </ClInclude>
    <ClInclude Include="..\..\source\Logger.h">
      <Filter>source</Filter>
    </ClInclude>
    <ClInclude Include="..\..\source\Native.h">
      <Filter>source</Filter>
    </ClInclude>
    <ClInclude Include="..\..\source\OpCodes.h">
      <Filter>source</Filter>
    </ClInclude>
    <ClInclude Include="..\..\source\Operators.h">
      <Filter>source</Filter>
    </ClInclude>
    <ClInclude Include="..\..\source\Parser.h">
      <Filter>source</Filter>
    </ClInclude>
    <ClInclude Include="..\..\source\Symbol.h">
      <Filter>source</Filter>
    </ClInclude>
    <ClInclude Include="..\..\source\Tokens.h">
      <Filter>source</Filter>
    </ClInclude>
    <ClInclude Include="..\..\source\Value.h">
      <Filter>source</Filter>
    </ClInclude>
    <ClInclude Include="..\..\source\VirtualMachine.h">
      <Filter>source</Filter>
    </ClInclude>
    <ClInclude Include="..\..\source\SemanticAnalyzer.h">
      <Filter>source</Filter>
    </ClInclude>
    <ClInclude Include="..\..\source\MemoryManager.h">
      <Filter>source</Filter>
    </ClInclude>
    <ClInclude Include="..\..\source\GarbageCollected.h">
      <Filter>source</Filter>
    </ClInclude>
  </ItemGroup>
  <ItemGroup>
    <None Include="..\..\examples\basic-types.element">
      <Filter>examples</Filter>
    </None>
    <None Include="..\..\examples\closures.element">
      <Filter>examples</Filter>
    </None>
    <None Include="..\..\examples\flow-control.element">
      <Filter>examples</Filter>
    </None>
    <None Include="..\..\examples\functions.element">
      <Filter>examples</Filter>
    </None>
    <None Include="..\..\examples\objects.element">
      <Filter>examples</Filter>
    </None>
    <None Include="..\..\examples\test.element">
      <Filter>examples</Filter>
    </None>
    <None Include="..\..\examples\arrays.element">
      <Filter>examples</Filter>
    </None>
    <None Include="..\..\examples\coroutines.element">
      <Filter>examples</Filter>
    </None>
    <None Include="..\..\examples\gc-tests.element">
      <Filter>examples</Filter>
    </None>
    <None Include="..\..\examples\iterators.element">
      <Filter>examples</Filter>
    </None>
    <None Include="..\..\tests\0-syntax.element">
      <Filter>tests</Filter>
    </None>
    <None Include="..\..\tests\1-basic-types.element">
      <Filter>tests</Filter>
    </None>
    <None Include="..\..\tests\2-flow-control.element">
      <Filter>tests</Filter>
    </None>
    <None Include="..\..\tests\3-functions.element">
      <Filter>tests</Filter>
    </None>
    <None Include="..\..\tests\4-arrays.element">
      <Filter>tests</Filter>
    </None>
    <None Include="..\..\tests\5-objects.element">
      <Filter>tests</Filter>
    </None>
    <None Include="..\..\tests\6-closures.element">
      <Filter>tests</Filter>
    </None>
    <None Include="..\..\tests\7-coroutines.element">
      <Filter>tests</Filter>
    </None>
    <None Include="..\..\tests\8-iteration.element">
      <Filter>tests</Filter>
    </None>
    <None Include="..\..\tests\9-standard-native-functions.element">
      <Filter>tests</Filter>
    </None>
  </ItemGroup>
</Project>